
Microsoft Visual Studio Solution File, Format Version 12.00
# Visual Studio Version 17
VisualStudioVersion = 17.0.31903.59
MinimumVisualStudioVersion = 10.0.40219.1
Project("{2150E333-8FDC-42A3-9474-1A3956D46DE8}") = "src", "src", "{827E0CD3-B72D-47B6-A68D-7590B98EB39B}"
EndProject
Project("{FAE04EC0-301F-11D3-BF4B-00C04F79EFBC}") = "PaymentSystem.Iso8583", "src\PaymentSystem.Iso8583\PaymentSystem.Iso8583.csproj", "{F7C8D51C-1A8B-4FBF-AC3C-EA55651B703F}"
EndProject
Project("{FAE04EC0-301F-11D3-BF4B-00C04F79EFBC}") = "PaymentSystem.Gate", "src\PaymentSystem.Gate\PaymentSystem.Gate.csproj", "{CA50D62E-235D-4211-A0FB-327941F4639B}"
EndProject
Project("{2150E333-8FDC-42A3-9474-1A3956D46DE8}") = "tools", "tools", "{07C2787E-EAC7-C090-1BA3-A61EC2A24D84}"
EndProject
Project("{FAE04EC0-301F-11D3-BF4B-00C04F79EFBC}") = "PosSimulator", "tools\PosSimulator\PosSimulator.csproj", "{C8D493E7-E2D1-440E-93E1-623DEC681A2D}"
EndProject
Project("{2150E333-8FDC-42A3-9474-1A3956D46DE8}") = "tests", "tests", "{0AB3BF05-4346-4AA6-1389-037BE0695223}"
EndProject
Project("{FAE04EC0-301F-11D3-BF4B-00C04F79EFBC}") = "PaymentSystem.Gate.Tests", "tests\PaymentSystem.Gate.Tests\PaymentSystem.Gate.Tests.csproj", "{81FC1D08-3E0F-4B7E-9361-998165F06AAB}"
EndProject
Global
	GlobalSection(SolutionConfigurationPlatforms) = preSolution
		Debug|Any CPU = Debug|Any CPU
		Debug|x64 = Debug|x64
		Debug|x86 = Debug|x86
		Release|Any CPU = Release|Any CPU
		Release|x64 = Release|x64
		Release|x86 = Release|x86
	EndGlobalSection
	GlobalSection(ProjectConfigurationPlatforms) = postSolution
		{F7C8D51C-1A8B-4FBF-AC3C-EA55651B703F}.Debug|Any CPU.ActiveCfg = Debug|Any CPU
		{F7C8D51C-1A8B-4FBF-AC3C-EA55651B703F}.Debug|Any CPU.Build.0 = Debug|Any CPU
		{F7C8D51C-1A8B-4FBF-AC3C-EA55651B703F}.Debug|x64.ActiveCfg = Debug|Any CPU
		{F7C8D51C-1A8B-4FBF-AC3C-EA55651B703F}.Debug|x64.Build.0 = Debug|Any CPU
		{F7C8D51C-1A8B-4FBF-AC3C-EA55651B703F}.Debug|x86.ActiveCfg = Debug|Any CPU
		{F7C8D51C-1A8B-4FBF-AC3C-EA55651B703F}.Debug|x86.Build.0 = Debug|Any CPU
		{F7C8D51C-1A8B-4FBF-AC3C-EA55651B703F}.Release|Any CPU.ActiveCfg = Release|Any CPU
		{F7C8D51C-1A8B-4FBF-AC3C-EA55651B703F}.Release|Any CPU.Build.0 = Release|Any CPU
		{F7C8D51C-1A8B-4FBF-AC3C-EA55651B703F}.Release|x64.ActiveCfg = Release|Any CPU
		{F7C8D51C-1A8B-4FBF-AC3C-EA55651B703F}.Release|x64.Build.0 = Release|Any CPU
		{F7C8D51C-1A8B-4FBF-AC3C-EA55651B703F}.Release|x86.ActiveCfg = Release|Any CPU
		{F7C8D51C-1A8B-4FBF-AC3C-EA55651B703F}.Release|x86.Build.0 = Release|Any CPU
		{CA50D62E-235D-4211-A0FB-327941F4639B}.Debug|Any CPU.ActiveCfg = Debug|Any CPU
		{CA50D62E-235D-4211-A0FB-327941F4639B}.Debug|Any CPU.Build.0 = Debug|Any CPU
		{CA50D62E-235D-4211-A0FB-327941F4639B}.Debug|x64.ActiveCfg = Debug|Any CPU
		{CA50D62E-235D-4211-A0FB-327941F4639B}.Debug|x64.Build.0 = Debug|Any CPU
		{CA50D62E-235D-4211-A0FB-327941F4639B}.Debug|x86.ActiveCfg = Debug|Any CPU
		{CA50D62E-235D-4211-A0FB-327941F4639B}.Debug|x86.Build.0 = Debug|Any CPU
		{CA50D62E-235D-4211-A0FB-327941F4639B}.Release|Any CPU.ActiveCfg = Release|Any CPU
		{CA50D62E-235D-4211-A0FB-327941F4639B}.Release|Any CPU.Build.0 = Release|Any CPU
		{CA50D62E-235D-4211-A0FB-327941F4639B}.Release|x64.ActiveCfg = Release|Any CPU
		{CA50D62E-235D-4211-A0FB-327941F4639B}.Release|x64.Build.0 = Release|Any CPU
		{CA50D62E-235D-4211-A0FB-327941F4639B}.Release|x86.ActiveCfg = Release|Any CPU
		{CA50D62E-235D-4211-A0FB-327941F4639B}.Release|x86.Build.0 = Release|Any CPU
		{C8D493E7-E2D1-440E-93E1-623DEC681A2D}.Debug|Any CPU.ActiveCfg = Debug|Any CPU
		{C8D493E7-E2D1-440E-93E1-623DEC681A2D}.Debug|Any CPU.Build.0 = Debug|Any CPU
		{C8D493E7-E2D1-440E-93E1-623DEC681A2D}.Debug|x64.ActiveCfg = Debug|Any CPU
		{C8D493E7-E2D1-440E-93E1-623DEC681A2D}.Debug|x64.Build.0 = Debug|Any CPU
		{C8D493E7-E2D1-440E-93E1-623DEC681A2D}.Debug|x86.ActiveCfg = Debug|Any CPU
		{C8D493E7-E2D1-440E-93E1-623DEC681A2D}.Debug|x86.Build.0 = Debug|Any CPU
		{C8D493E7-E2D1-440E-93E1-623DEC681A2D}.Release|Any CPU.ActiveCfg = Release|Any CPU
		{C8D493E7-E2D1-440E-93E1-623DEC681A2D}.Release|Any CPU.Build.0 = Release|Any CPU
		{C8D493E7-E2D1-440E-93E1-623DEC681A2D}.Release|x64.ActiveCfg = Release|Any CPU
		{C8D493E7-E2D1-440E-93E1-623DEC681A2D}.Release|x64.Build.0 = Release|Any CPU
		{C8D493E7-E2D1-440E-93E1-623DEC681A2D}.Release|x86.ActiveCfg = Release|Any CPU
		{C8D493E7-E2D1-440E-93E1-623DEC681A2D}.Release|x86.Build.0 = Release|Any CPU
		{81FC1D08-3E0F-4B7E-9361-998165F06AAB}.Debug|Any CPU.ActiveCfg = Debug|Any CPU
		{81FC1D08-3E0F-4B7E-9361-998165F06AAB}.Debug|Any CPU.Build.0 = Debug|Any CPU
		{81FC1D08-3E0F-4B7E-9361-998165F06AAB}.Debug|x64.ActiveCfg = Debug|Any CPU
		{81FC1D08-3E0F-4B7E-9361-998165F06AAB}.Debug|x64.Build.0 = Debug|Any CPU
		{81FC1D08-3E0F-4B7E-9361-998165F06AAB}.Debug|x86.ActiveCfg = Debug|Any CPU
		{81FC1D08-3E0F-4B7E-9361-998165F06AAB}.Debug|x86.Build.0 = Debug|Any CPU
		{81FC1D08-3E0F-4B7E-9361-998165F06AAB}.Release|Any CPU.ActiveCfg = Release|Any CPU
		{81FC1D08-3E0F-4B7E-9361-998165F06AAB}.Release|Any CPU.Build.0 = Release|Any CPU
		{81FC1D08-3E0F-4B7E-9361-998165F06AAB}.Release|x64.ActiveCfg = Release|Any CPU
		{81FC1D08-3E0F-4B7E-9361-998165F06AAB}.Release|x64.Build.0 = Release|Any CPU
		{81FC1D08-3E0F-4B7E-9361-998165F06AAB}.Release|x86.ActiveCfg = Release|Any CPU
		{81FC1D08-3E0F-4B7E-9361-998165F06AAB}.Release|x86.Build.0 = Release|Any CPU
	EndGlobalSection
	GlobalSection(SolutionProperties) = preSolution
		HideSolutionNode = FALSE
	EndGlobalSection
	GlobalSection(NestedProjects) = preSolution
		{F7C8D51C-1A8B-4FBF-AC3C-EA55651B703F} = {827E0CD3-B72D-47B6-A68D-7590B98EB39B}
		{CA50D62E-235D-4211-A0FB-327941F4639B} = {827E0CD3-B72D-47B6-A68D-7590B98EB39B}
		{C8D493E7-E2D1-440E-93E1-623DEC681A2D} = {07C2787E-EAC7-C090-1BA3-A61EC2A24D84}
		{81FC1D08-3E0F-4B7E-9361-998165F06AAB} = {0AB3BF05-4346-4AA6-1389-037BE0695223}
	EndGlobalSection
EndGlobal
